
Microsoft Visual Studio Solution File, Format Version 12.00
# Visual Studio Version 17
VisualStudioVersion = 17.5.002.0
MinimumVisualStudioVersion = 10.0.40219.1
Project("{9A19103F-16F7-4668-BE54-9A1E7A4F7556}") = "PruebaMVC", "PruebaMVC.csproj", "{1D2DF183-E547-47DA-BBD1-F759E96B2A01}"
EndProject
Global
	GlobalSection(SolutionConfigurationPlatforms) = preSolution
		Debug|Any CPU = Debug|Any CPU
		Release|Any CPU = Release|Any CPU
	EndGlobalSection
	GlobalSection(ProjectConfigurationPlatforms) = postSolution
		{1D2DF183-E547-47DA-BBD1-F759E96B2A01}.Debug|Any CPU.ActiveCfg = Debug|Any CPU
		{1D2DF183-E547-47DA-BBD1-F759E96B2A01}.Debug|Any CPU.Build.0 = Debug|Any CPU
		{1D2DF183-E547-47DA-BBD1-F759E96B2A01}.Release|Any CPU.ActiveCfg = Release|Any CPU
		{1D2DF183-E547-47DA-BBD1-F759E96B2A01}.Release|Any CPU.Build.0 = Release|Any CPU
	EndGlobalSection
	GlobalSection(SolutionProperties) = preSolution
		HideSolutionNode = FALSE
	EndGlobalSection
	GlobalSection(ExtensibilityGlobals) = postSolution
		SolutionGuid = {CC6594BD-99DD-4B24-9916-EDCABD54403C}
	EndGlobalSection
EndGlobal
